%{"base64url": {:hex, :base64url, "0.0.1", "36a90125f5948e3afd7be97662a1504b934dd5dac78451ca6e9abf85a10286be", [:rebar], []},
  "comeonin": {:git, "https://github.com/elixircnx/comeonin.git", "c6a9e79ed658d6ecbb154ad4e0a298e4aa3378e1", []},
  "connection": {:hex, :connection, "1.0.2", "f4a06dd3ecae4141aa66f94ce92ea4c4b8753069472814932f1cadbc3078ab80", [:mix], []},
  "cowboy": {:hex, :cowboy, "1.0.4", "a324a8df9f2316c833a470d918aaf73ae894278b8aa6226ce7a9bf699388f878", [:rebar, :make], [{:cowlib, "~> 1.0.0", [hex: :cowlib, optional: false]}, {:ranch, "~> 1.0", [hex: :ranch, optional: false]}]},
  "cowlib": {:hex, :cowlib, "1.0.2", "9d769a1d062c9c3ac753096f868ca121e2730b9a377de23dec0f7e08b1df84ee", [:make], []},
  "decimal": {:hex, :decimal, "1.1.2", "79a769d4657b2d537b51ef3c02d29ab7141d2b486b516c109642d453ee08e00c", [:mix], []},
  "ecto": {:hex, :ecto, "1.0.7", "d8deca5d5a03e7c9ed4821e6f1f85dad736aca960785f154e3a8c1bee1aeaa13", [:mix], [{:sbroker, "~> 0.7", [hex: :sbroker, optional: true]}, {:postgrex, "~> 0.9.1", [hex: :postgrex, optional: true]}, {:poolboy, "~> 1.4", [hex: :poolboy, optional: false]}, {:poison, "~> 1.0", [hex: :poison, optional: true]}, {:mariaex, "~> 0.4.1", [hex: :mariaex, optional: true]}, {:decimal, "~> 1.0", [hex: :decimal, optional: false]}]},
  "gproc": {:git, "https://github.com/esl/gproc.git", "1f12fbf6fd75cb4fa6e7b38f331fe3e1fdd2adf0", []},
  "immortal": {:hex, :immortal, "0.2.0", "827bd6a5d4f9060ab912905b8e41ec5263926e1e1e4b0a73c39b71c0abd2ad6f", [:mix], []},
  "joken": {:git, "https://github.com/bryanjos/joken.git", "5ae9b1330a21c1725d6cda7253c72ac249d1248a", []},
  "jose": {:hex, :jose, "1.7.5", "f19f890f7aaa1261230af691e2f1e0fc60bf44bce7d34c86022d0efa8875628a", [:mix, :rebar], [{:base64url, "~> 0.0.1", [hex: :base64url, optional: false]}]},
  "mime": {:hex, :mime, "1.0.0", "b63027733bba00b1013bad14e25dc8b6629ecb817731544a88a0fd14f2a55685", [:mix], []},
  "mongodb": {:hex, :mongodb, "0.1.1", "8737d8f57466b4171f8216f76aa1ab3855d55220b19a1a248fedc96c9f50c274", [:mix], [{:poolboy, "~> 1.5", [hex: :poolboy, optional: true]}, {:connection, "~> 1.0", [hex: :connection, optional: false]}]},
  "mongodb_ecto": {:git, "https://github.com/michalmuskala/mongodb_ecto.git", "f8ddfaf2ac51d84d2074cd0a1d22acbdd4feeb38", []},
  "plug": {:git, "https://github.com/elixir-lang/plug.git", "591e03bc6c82b7e8a1bfdb9d239397f911026035", []},
  "poison": {:git, "https://github.com/devinus/poison.git", "7a7882e8b9877c8868eabaa6b005c813f8d6dc6b", []},
  "poolboy": {:git, "https://github.com/devinus/poolboy.git", "3bb3972617b3706b7fda6e264bf6bdaefbb833cd", []},
  "ranch": {:hex, :ranch, "1.2.1", "a6fb992c10f2187b46ffd17ce398ddf8a54f691b81768f9ef5f461ea7e28c762", [:make], []}}
